
Microsoft Visual Studio Solution File, Format Version 12.00
# Visual Studio Version 17
VisualStudioVersion = 17.4.33213.308
MinimumVisualStudioVersion = 10.0.40219.1
Project("{FAE04EC0-301F-11D3-BF4B-00C04F79EFBC}") = "SampleApplication", "SampleApplication.csproj", "{254D4E08-CBAF-4FE1-BE55-9B95332B7F44}"
EndProject
Project("{FAE04EC0-301F-11D3-BF4B-00C04F79EFBC}") = "Entity", "..\Entity\Entity.csproj", "{E07DB330-0E17-4DAC-836A-5AAF5171D965}"
EndProject
Project("{FAE04EC0-301F-11D3-BF4B-00C04F79EFBC}") = "Repo", "..\Repo\Repo.csproj", "{3B34532E-9F49-4044-B809-F365D8CC8F95}"
EndProject
Project("{FAE04EC0-301F-11D3-BF4B-00C04F79EFBC}") = "Helpers", "..\Helpers\Helpers.csproj", "{350CEC4D-743E-49E4-9929-650ABC1B7D39}"
EndProject
Global
	GlobalSection(SolutionConfigurationPlatforms) = preSolution
		Debug|Any CPU = Debug|Any CPU
		Release|Any CPU = Release|Any CPU
	EndGlobalSection
	GlobalSection(ProjectConfigurationPlatforms) = postSolution
		{254D4E08-CBAF-4FE1-BE55-9B95332B7F44}.Debug|Any CPU.ActiveCfg = Debug|Any CPU
		{254D4E08-CBAF-4FE1-BE55-9B95332B7F44}.Debug|Any CPU.Build.0 = Debug|Any CPU
		{254D4E08-CBAF-4FE1-BE55-9B95332B7F44}.Release|Any CPU.ActiveCfg = Release|Any CPU
		{254D4E08-CBAF-4FE1-BE55-9B95332B7F44}.Release|Any CPU.Build.0 = Release|Any CPU
		{E07DB330-0E17-4DAC-836A-5AAF5171D965}.Debug|Any CPU.ActiveCfg = Debug|Any CPU
		{E07DB330-0E17-4DAC-836A-5AAF5171D965}.Debug|Any CPU.Build.0 = Debug|Any CPU
		{E07DB330-0E17-4DAC-836A-5AAF5171D965}.Release|Any CPU.ActiveCfg = Release|Any CPU
		{E07DB330-0E17-4DAC-836A-5AAF5171D965}.Release|Any CPU.Build.0 = Release|Any CPU
		{3B34532E-9F49-4044-B809-F365D8CC8F95}.Debug|Any CPU.ActiveCfg = Debug|Any CPU
		{3B34532E-9F49-4044-B809-F365D8CC8F95}.Debug|Any CPU.Build.0 = Debug|Any CPU
		{3B34532E-9F49-4044-B809-F365D8CC8F95}.Release|Any CPU.ActiveCfg = Release|Any CPU
		{3B34532E-9F49-4044-B809-F365D8CC8F95}.Release|Any CPU.Build.0 = Release|Any CPU
		{350CEC4D-743E-49E4-9929-650ABC1B7D39}.Debug|Any CPU.ActiveCfg = Debug|Any CPU
		{350CEC4D-743E-49E4-9929-650ABC1B7D39}.Debug|Any CPU.Build.0 = Debug|Any CPU
		{350CEC4D-743E-49E4-9929-650ABC1B7D39}.Release|Any CPU.ActiveCfg = Release|Any CPU
		{350CEC4D-743E-49E4-9929-650ABC1B7D39}.Release|Any CPU.Build.0 = Release|Any CPU
	EndGlobalSection
	GlobalSection(SolutionProperties) = preSolution
		HideSolutionNode = FALSE
	EndGlobalSection
	GlobalSection(ExtensibilityGlobals) = postSolution
		SolutionGuid = {AD6C96B8-EF8B-44C3-B1D9-60D670032A05}
	EndGlobalSection
EndGlobal
